
Microsoft Visual Studio Solution File, Format Version 12.00
# Visual Studio 15
VisualStudioVersion = 15.0.26228.4
MinimumVisualStudioVersion = 10.0.40219.1
Project("{FAE04EC0-301F-11D3-BF4B-00C04F79EFBC}") = "HSTViewer", "HSTViewer.csproj", "{1B8A6785-4A05-4985-AC4E-A871883711A0}"
EndProject
Project("{FAE04EC0-301F-11D3-BF4B-00C04F79EFBC}") = "HstFileReader", "..\HstFileReader\HstFileReader.csproj", "{C836E439-8079-4BF8-8245-3A3215A07A2E}"
EndProject
Global
	GlobalSection(SolutionConfigurationPlatforms) = preSolution
		Debug|Any CPU = Debug|Any CPU
		Release|Any CPU = Release|Any CPU
	EndGlobalSection
	GlobalSection(ProjectConfigurationPlatforms) = postSolution
		{1B8A6785-4A05-4985-AC4E-A871883711A0}.Debug|Any CPU.ActiveCfg = Debug|Any CPU
		{1B8A6785-4A05-4985-AC4E-A871883711A0}.Debug|Any CPU.Build.0 = Debug|Any CPU
		{1B8A6785-4A05-4985-AC4E-A871883711A0}.Release|Any CPU.ActiveCfg = Release|Any CPU
		{1B8A6785-4A05-4985-AC4E-A871883711A0}.Release|Any CPU.Build.0 = Release|Any CPU
		{C836E439-8079-4BF8-8245-3A3215A07A2E}.Debug|Any CPU.ActiveCfg = Debug|Any CPU
		{C836E439-8079-4BF8-8245-3A3215A07A2E}.Debug|Any CPU.Build.0 = Debug|Any CPU
		{C836E439-8079-4BF8-8245-3A3215A07A2E}.Release|Any CPU.ActiveCfg = Release|Any CPU
		{C836E439-8079-4BF8-8245-3A3215A07A2E}.Release|Any CPU.Build.0 = Release|Any CPU
	EndGlobalSection
	GlobalSection(SolutionProperties) = preSolution
		HideSolutionNode = FALSE
	EndGlobalSection
EndGlobal
